
Microsoft Visual Studio Solution File, Format Version 12.00
# Visual Studio Version 17
VisualStudioVersion = 17.0.31903.59
MinimumVisualStudioVersion = 10.0.40219.1
Project("{2150E333-8FDC-42A3-9474-1A3956D46DE8}") = "src", "src", "{827E0CD3-B72D-47B6-A68D-7590B98EB39B}"
EndProject
Project("{FAE04EC0-301F-11D3-BF4B-00C04F79EFBC}") = "KQAlumni.Core", "src\KQAlumni.Core\KQAlumni.Core.csproj", "{A78A063C-A20C-4347-BD0A-4B03FC8B9B30}"
EndProject
Project("{FAE04EC0-301F-11D3-BF4B-00C04F79EFBC}") = "KQAlumni.Infrastructure", "src\KQAlumni.Infrastructure\KQAlumni.Infrastructure.csproj", "{90687FC3-3A9A-4535-9F7D-48A3BF865793}"
EndProject
Project("{FAE04EC0-301F-11D3-BF4B-00C04F79EFBC}") = "KQAlumni.API", "src\KQAlumni.API\KQAlumni.API.csproj", "{4DEE3606-9E15-44EA-823A-C11DEAAB1327}"
EndProject
Global
	GlobalSection(SolutionConfigurationPlatforms) = preSolution
		Debug|Any CPU = Debug|Any CPU
		Debug|x64 = Debug|x64
		Debug|x86 = Debug|x86
		Release|Any CPU = Release|Any CPU
		Release|x64 = Release|x64
		Release|x86 = Release|x86
	EndGlobalSection
	GlobalSection(ProjectConfigurationPlatforms) = postSolution
		{A78A063C-A20C-4347-BD0A-4B03FC8B9B30}.Debug|Any CPU.ActiveCfg = Debug|Any CPU
		{A78A063C-A20C-4347-BD0A-4B03FC8B9B30}.Debug|Any CPU.Build.0 = Debug|Any CPU
		{A78A063C-A20C-4347-BD0A-4B03FC8B9B30}.Debug|x64.ActiveCfg = Debug|Any CPU
		{A78A063C-A20C-4347-BD0A-4B03FC8B9B30}.Debug|x64.Build.0 = Debug|Any CPU
		{A78A063C-A20C-4347-BD0A-4B03FC8B9B30}.Debug|x86.ActiveCfg = Debug|Any CPU
		{A78A063C-A20C-4347-BD0A-4B03FC8B9B30}.Debug|x86.Build.0 = Debug|Any CPU
		{A78A063C-A20C-4347-BD0A-4B03FC8B9B30}.Release|Any CPU.ActiveCfg = Release|Any CPU
		{A78A063C-A20C-4347-BD0A-4B03FC8B9B30}.Release|Any CPU.Build.0 = Release|Any CPU
		{A78A063C-A20C-4347-BD0A-4B03FC8B9B30}.Release|x64.ActiveCfg = Release|Any CPU
		{A78A063C-A20C-4347-BD0A-4B03FC8B9B30}.Release|x64.Build.0 = Release|Any CPU
		{A78A063C-A20C-4347-BD0A-4B03FC8B9B30}.Release|x86.ActiveCfg = Release|Any CPU
		{A78A063C-A20C-4347-BD0A-4B03FC8B9B30}.Release|x86.Build.0 = Release|Any CPU
		{90687FC3-3A9A-4535-9F7D-48A3BF865793}.Debug|Any CPU.ActiveCfg = Debug|Any CPU
		{90687FC3-3A9A-4535-9F7D-48A3BF865793}.Debug|Any CPU.Build.0 = Debug|Any CPU
		{90687FC3-3A9A-4535-9F7D-48A3BF865793}.Debug|x64.ActiveCfg = Debug|Any CPU
		{90687FC3-3A9A-4535-9F7D-48A3BF865793}.Debug|x64.Build.0 = Debug|Any CPU
		{90687FC3-3A9A-4535-9F7D-48A3BF865793}.Debug|x86.ActiveCfg = Debug|Any CPU
		{90687FC3-3A9A-4535-9F7D-48A3BF865793}.Debug|x86.Build.0 = Debug|Any CPU
		{90687FC3-3A9A-4535-9F7D-48A3BF865793}.Release|Any CPU.ActiveCfg = Release|Any CPU
		{90687FC3-3A9A-4535-9F7D-48A3BF865793}.Release|Any CPU.Build.0 = Release|Any CPU
		{90687FC3-3A9A-4535-9F7D-48A3BF865793}.Release|x64.ActiveCfg = Release|Any CPU
		{90687FC3-3A9A-4535-9F7D-48A3BF865793}.Release|x64.Build.0 = Release|Any CPU
		{90687FC3-3A9A-4535-9F7D-48A3BF865793}.Release|x86.ActiveCfg = Release|Any CPU
		{90687FC3-3A9A-4535-9F7D-48A3BF865793}.Release|x86.Build.0 = Release|Any CPU
		{4DEE3606-9E15-44EA-823A-C11DEAAB1327}.Debug|Any CPU.ActiveCfg = Debug|Any CPU
		{4DEE3606-9E15-44EA-823A-C11DEAAB1327}.Debug|Any CPU.Build.0 = Debug|Any CPU
		{4DEE3606-9E15-44EA-823A-C11DEAAB1327}.Debug|x64.ActiveCfg = Debug|Any CPU
		{4DEE3606-9E15-44EA-823A-C11DEAAB1327}.Debug|x64.Build.0 = Debug|Any CPU
		{4DEE3606-9E15-44EA-823A-C11DEAAB1327}.Debug|x86.ActiveCfg = Debug|Any CPU
		{4DEE3606-9E15-44EA-823A-C11DEAAB1327}.Debug|x86.Build.0 = Debug|Any CPU
		{4DEE3606-9E15-44EA-823A-C11DEAAB1327}.Release|Any CPU.ActiveCfg = Release|Any CPU
		{4DEE3606-9E15-44EA-823A-C11DEAAB1327}.Release|Any CPU.Build.0 = Release|Any CPU
		{4DEE3606-9E15-44EA-823A-C11DEAAB1327}.Release|x64.ActiveCfg = Release|Any CPU
		{4DEE3606-9E15-44EA-823A-C11DEAAB1327}.Release|x64.Build.0 = Release|Any CPU
		{4DEE3606-9E15-44EA-823A-C11DEAAB1327}.Release|x86.ActiveCfg = Release|Any CPU
		{4DEE3606-9E15-44EA-823A-C11DEAAB1327}.Release|x86.Build.0 = Release|Any CPU
	EndGlobalSection
	GlobalSection(SolutionProperties) = preSolution
		HideSolutionNode = FALSE
	EndGlobalSection
	GlobalSection(NestedProjects) = preSolution
		{A78A063C-A20C-4347-BD0A-4B03FC8B9B30} = {827E0CD3-B72D-47B6-A68D-7590B98EB39B}
		{90687FC3-3A9A-4535-9F7D-48A3BF865793} = {827E0CD3-B72D-47B6-A68D-7590B98EB39B}
		{4DEE3606-9E15-44EA-823A-C11DEAAB1327} = {827E0CD3-B72D-47B6-A68D-7590B98EB39B}
	EndGlobalSection
EndGlobal
